
Microsoft Visual Studio Solution File, Format Version 12.00
# Visual Studio Version 17
VisualStudioVersion = 17.4.33103.184
MinimumVisualStudioVersion = 10.0.40219.1
Project("{FAE04EC0-301F-11D3-BF4B-00C04F79EFBC}") = "KursDB", "KursDB\KursDB.csproj", "{89FB1348-2349-4960-B17A-BDA4A4E6C8D5}"
EndProject
Global
	GlobalSection(SolutionConfigurationPlatforms) = preSolution
		Debug|Any CPU = Debug|Any CPU
		Release|Any CPU = Release|Any CPU
	EndGlobalSection
	GlobalSection(ProjectConfigurationPlatforms) = postSolution
		{89FB1348-2349-4960-B17A-BDA4A4E6C8D5}.Debug|Any CPU.ActiveCfg = Debug|Any CPU
		{89FB1348-2349-4960-B17A-BDA4A4E6C8D5}.Debug|Any CPU.Build.0 = Debug|Any CPU
		{89FB1348-2349-4960-B17A-BDA4A4E6C8D5}.Release|Any CPU.ActiveCfg = Release|Any CPU
		{89FB1348-2349-4960-B17A-BDA4A4E6C8D5}.Release|Any CPU.Build.0 = Release|Any CPU
	EndGlobalSection
	GlobalSection(SolutionProperties) = preSolution
		HideSolutionNode = FALSE
	EndGlobalSection
	GlobalSection(ExtensibilityGlobals) = postSolution
		SolutionGuid = {33F3B780-5180-4537-B091-2C31382B064C}
	EndGlobalSection
EndGlobal
